
Microsoft Visual Studio Solution File, Format Version 12.00
# Visual Studio Version 17
VisualStudioVersion = 17.10.35013.160
MinimumVisualStudioVersion = 10.0.40219.1
Project("{9A19103F-16F7-4668-BE54-9A1E7A4F7556}") = "Api_data_getter", "Api_data_getter\Api_data_getter.csproj", "{CFC0A5EF-B4E6-45D8-BEF5-2D07A10D73E7}"
EndProject
Project("{FAE04EC0-301F-11D3-BF4B-00C04F79EFBC}") = "JSON2CSV_converter", "JSON2CSV_converter\JSON2CSV_converter.csproj", "{1A4F58EC-15BA-4EC8-9ADF-0DE7D8CFC5B1}"
EndProject
Global
	GlobalSection(SolutionConfigurationPlatforms) = preSolution
		Debug|Any CPU = Debug|Any CPU
		Release|Any CPU = Release|Any CPU
	EndGlobalSection
	GlobalSection(ProjectConfigurationPlatforms) = postSolution
		{CFC0A5EF-B4E6-45D8-BEF5-2D07A10D73E7}.Debug|Any CPU.ActiveCfg = Debug|Any CPU
		{CFC0A5EF-B4E6-45D8-BEF5-2D07A10D73E7}.Debug|Any CPU.Build.0 = Debug|Any CPU
		{CFC0A5EF-B4E6-45D8-BEF5-2D07A10D73E7}.Release|Any CPU.ActiveCfg = Release|Any CPU
		{CFC0A5EF-B4E6-45D8-BEF5-2D07A10D73E7}.Release|Any CPU.Build.0 = Release|Any CPU
		{1A4F58EC-15BA-4EC8-9ADF-0DE7D8CFC5B1}.Debug|Any CPU.ActiveCfg = Debug|Any CPU
		{1A4F58EC-15BA-4EC8-9ADF-0DE7D8CFC5B1}.Debug|Any CPU.Build.0 = Debug|Any CPU
		{1A4F58EC-15BA-4EC8-9ADF-0DE7D8CFC5B1}.Release|Any CPU.ActiveCfg = Release|Any CPU
		{1A4F58EC-15BA-4EC8-9ADF-0DE7D8CFC5B1}.Release|Any CPU.Build.0 = Release|Any CPU
	EndGlobalSection
	GlobalSection(SolutionProperties) = preSolution
		HideSolutionNode = FALSE
	EndGlobalSection
	GlobalSection(ExtensibilityGlobals) = postSolution
		SolutionGuid = {7A711650-7BB0-42DB-9B8C-6356992670DA}
	EndGlobalSection
EndGlobal
